// !$*UTF8*$!
{
	archiveVersion = 1;
	classes = {
	};
	objectVersion = 56;
	objects = {

/* Begin PBXBuildFile section */
		2E7228A928F9A7D800BAA8E4 /* iOSApp.swift in Sources */ = {isa = PBXBuildFile; fileRef = 2E7228A828F9A7D800BAA8E4 /* iOSApp.swift */; };
		2E7228AB28F9A7D800BAA8E4 /* ContentView.swift in Sources */ = {isa = PBXBuildFile; fileRef = 2E7228AA28F9A7D800BAA8E4 /* ContentView.swift */; };
		2E7228AD28F9A7D900BAA8E4 /* Assets.xcassets in Resources */ = {isa = PBXBuildFile; fileRef = 2E7228AC28F9A7D900BAA8E4 /* Assets.xcassets */; };
		2E7228B028F9A7D900BAA8E4 /* Preview Assets.xcassets in Resources */ = {isa = PBXBuildFile; fileRef = 2E7228AF28F9A7D900BAA8E4 /* Preview Assets.xcassets */; };
		2E7228BE28F9A84A00BAA8E4 /* watchOSApp.swift in Sources */ = {isa = PBXBuildFile; fileRef = 2E7228BD28F9A84A00BAA8E4 /* watchOSApp.swift */; };
		2E7228C028F9A84A00BAA8E4 /* ContentView.swift in Sources */ = {isa = PBXBuildFile; fileRef = 2E7228BF28F9A84A00BAA8E4 /* ContentView.swift */; };
		2E7228C228F9A84B00BAA8E4 /* Assets.xcassets in Resources */ = {isa = PBXBuildFile; fileRef = 2E7228C128F9A84B00BAA8E4 /* Assets.xcassets */; };
		2E7228C528F9A84B00BAA8E4 /* Preview Assets.xcassets in Resources */ = {isa = PBXBuildFile; fileRef = 2E7228C428F9A84B00BAA8E4 /* Preview Assets.xcassets */; };
		2E7228D028F9A8B700BAA8E4 /* AppIntentsExtExtension.swift in Sources */ = {isa = PBXBuildFile; fileRef = 2E7228CF28F9A8B700BAA8E4 /* AppIntentsExtExtension.swift */; };
		2E7228D228F9A8B700BAA8E4 /* AppIntentsExt.swift in Sources */ = {isa = PBXBuildFile; fileRef = 2E7228D128F9A8B700BAA8E4 /* AppIntentsExt.swift */; };
		2E7228D628F9A8B700BAA8E4 /* AppIntentsExt.appex in Embed ExtensionKit Extensions */ = {isa = PBXBuildFile; fileRef = 2E7228CD28F9A8B700BAA8E4 /* AppIntentsExt.appex */; settings = {ATTRIBUTES = (RemoveHeadersOnCopy, ); }; };
		2E7228E128F9A9C900BAA8E4 /* Localizable.strings in Resources */ = {isa = PBXBuildFile; fileRef = 2E7228E528F9A9C900BAA8E4 /* Localizable.strings */; };
		2E7228E228F9A9C900BAA8E4 /* Localizable.strings in Resources */ = {isa = PBXBuildFile; fileRef = 2E7228E528F9A9C900BAA8E4 /* Localizable.strings */; };
		2E7228E328F9A9C900BAA8E4 /* Localizable.strings in Resources */ = {isa = PBXBuildFile; fileRef = 2E7228E528F9A9C900BAA8E4 /* Localizable.strings */; };
/* End PBXBuildFile section */

/* Begin PBXContainerItemProxy section */
		2E7228D428F9A8B700BAA8E4 /* PBXContainerItemProxy */ = {
			isa = PBXContainerItemProxy;
			containerPortal = 2E72289D28F9A7D800BAA8E4 /* Project object */;
			proxyType = 1;
			remoteGlobalIDString = 2E7228CC28F9A8B700BAA8E4;
			remoteInfo = AppIntentsExt;
		};
/* End PBXContainerItemProxy section */

/* Begin PBXCopyFilesBuildPhase section */
		2E7228DA28F9A8B700BAA8E4 /* Embed ExtensionKit Extensions */ = {
			isa = PBXCopyFilesBuildPhase;
			buildActionMask = 2147483647;
			dstPath = "$(EXTENSIONS_FOLDER_PATH)";
			dstSubfolderSpec = 16;
			files = (
				2E7228D628F9A8B700BAA8E4 /* AppIntentsExt.appex in Embed ExtensionKit Extensions */,
			);
			name = "Embed ExtensionKit Extensions";
			runOnlyForDeploymentPostprocessing = 0;
		};
/* End PBXCopyFilesBuildPhase section */

/* Begin PBXFileReference section */
		2E7228A528F9A7D800BAA8E4 /* iOS.app */ = {isa = PBXFileReference; explicitFileType = wrapper.application; includeInIndex = 0; path = iOS.app; sourceTree = BUILT_PRODUCTS_DIR; };
		2E7228A828F9A7D800BAA8E4 /* iOSApp.swift */ = {isa = PBXFileReference; lastKnownFileType = sourcecode.swift; path = iOSApp.swift; sourceTree = "<group>"; };
		2E7228AA28F9A7D800BAA8E4 /* ContentView.swift */ = {isa = PBXFileReference; lastKnownFileType = sourcecode.swift; path = ContentView.swift; sourceTree = "<group>"; };
		2E7228AC28F9A7D900BAA8E4 /* Assets.xcassets */ = {isa = PBXFileReference; lastKnownFileType = folder.assetcatalog; path = Assets.xcassets; sourceTree = "<group>"; };
		2E7228AF28F9A7D900BAA8E4 /* Preview Assets.xcassets */ = {isa = PBXFileReference; lastKnownFileType = folder.assetcatalog; path = "Preview Assets.xcassets"; sourceTree = "<group>"; };
		2E7228BB28F9A84A00BAA8E4 /* watchOS.app */ = {isa = PBXFileReference; explicitFileType = wrapper.application; includeInIndex = 0; path = watchOS.app; sourceTree = BUILT_PRODUCTS_DIR; };
		2E7228BD28F9A84A00BAA8E4 /* watchOSApp.swift */ = {isa = PBXFileReference; lastKnownFileType = sourcecode.swift; path = watchOSApp.swift; sourceTree = "<group>"; };
		2E7228BF28F9A84A00BAA8E4 /* ContentView.swift */ = {isa = PBXFileReference; lastKnownFileType = sourcecode.swift; path = ContentView.swift; sourceTree = "<group>"; };
		2E7228C128F9A84B00BAA8E4 /* Assets.xcassets */ = {isa = PBXFileReference; lastKnownFileType = folder.assetcatalog; path = Assets.xcassets; sourceTree = "<group>"; };
		2E7228C428F9A84B00BAA8E4 /* Preview Assets.xcassets */ = {isa = PBXFileReference; lastKnownFileType = folder.assetcatalog; path = "Preview Assets.xcassets"; sourceTree = "<group>"; };
		2E7228CD28F9A8B700BAA8E4 /* AppIntentsExt.appex */ = {isa = PBXFileReference; explicitFileType = "wrapper.extensionkit-extension"; includeInIndex = 0; path = AppIntentsExt.appex; sourceTree = BUILT_PRODUCTS_DIR; };
		2E7228CF28F9A8B700BAA8E4 /* AppIntentsExtExtension.swift */ = {isa = PBXFileReference; lastKnownFileType = sourcecode.swift; path = AppIntentsExtExtension.swift; sourceTree = "<group>"; };
		2E7228D128F9A8B700BAA8E4 /* AppIntentsExt.swift */ = {isa = PBXFileReference; lastKnownFileType = sourcecode.swift; path = AppIntentsExt.swift; sourceTree = "<group>"; };
		2E7228D328F9A8B700BAA8E4 /* Info.plist */ = {isa = PBXFileReference; lastKnownFileType = text.plist.xml; path = Info.plist; sourceTree = "<group>"; };
		2E7228E428F9A9C900BAA8E4 /* en */ = {isa = PBXFileReference; lastKnownFileType = text.plist.strings; name = en; path = en.lproj/Localizable.strings; sourceTree = "<group>"; };
		2E7228E628F9AA1A00BAA8E4 /* de */ = {isa = PBXFileReference; lastKnownFileType = text.plist.strings; name = de; path = de.lproj/Localizable.strings; sourceTree = "<group>"; };
/* End PBXFileReference section */

/* Begin PBXFrameworksBuildPhase section */
		2E7228A228F9A7D800BAA8E4 /* Frameworks */ = {
			isa = PBXFrameworksBuildPhase;
			buildActionMask = 2147483647;
			files = (
			);
			runOnlyForDeploymentPostprocessing = 0;
		};
		2E7228B828F9A84A00BAA8E4 /* Frameworks */ = {
			isa = PBXFrameworksBuildPhase;
			buildActionMask = 2147483647;
			files = (
			);
			runOnlyForDeploymentPostprocessing = 0;
		};
		2E7228CA28F9A8B700BAA8E4 /* Frameworks */ = {
			isa = PBXFrameworksBuildPhase;
			buildActionMask = 2147483647;
			files = (
			);
			runOnlyForDeploymentPostprocessing = 0;
		};
/* End PBXFrameworksBuildPhase section */

/* Begin PBXGroup section */
		2E72289C28F9A7D800BAA8E4 = {
			isa = PBXGroup;
			children = (
				2E7228DC28F9A9B600BAA8E4 /* Shared */,
				2E7228A728F9A7D800BAA8E4 /* iOS */,
				2E7228BC28F9A84A00BAA8E4 /* watchOS */,
				2E7228CE28F9A8B700BAA8E4 /* AppIntentsExt */,
				2E7228A628F9A7D800BAA8E4 /* Products */,
			);
			sourceTree = "<group>";
		};
		2E7228A628F9A7D800BAA8E4 /* Products */ = {
			isa = PBXGroup;
			children = (
				2E7228A528F9A7D800BAA8E4 /* iOS.app */,
				2E7228BB28F9A84A00BAA8E4 /* watchOS.app */,
				2E7228CD28F9A8B700BAA8E4 /* AppIntentsExt.appex */,
			);
			name = Products;
			sourceTree = "<group>";
		};
		2E7228A728F9A7D800BAA8E4 /* iOS */ = {
			isa = PBXGroup;
			children = (
				2E7228A828F9A7D800BAA8E4 /* iOSApp.swift */,
				2E7228AA28F9A7D800BAA8E4 /* ContentView.swift */,
				2E7228AC28F9A7D900BAA8E4 /* Assets.xcassets */,
				2E7228AE28F9A7D900BAA8E4 /* Preview Content */,
			);
			path = iOS;
			sourceTree = "<group>";
		};
		2E7228AE28F9A7D900BAA8E4 /* Preview Content */ = {
			isa = PBXGroup;
			children = (
				2E7228AF28F9A7D900BAA8E4 /* Preview Assets.xcassets */,
			);
			path = "Preview Content";
			sourceTree = "<group>";
		};
		2E7228BC28F9A84A00BAA8E4 /* watchOS */ = {
			isa = PBXGroup;
			children = (
				2E7228BD28F9A84A00BAA8E4 /* watchOSApp.swift */,
				2E7228BF28F9A84A00BAA8E4 /* ContentView.swift */,
				2E7228C128F9A84B00BAA8E4 /* Assets.xcassets */,
				2E7228C328F9A84B00BAA8E4 /* Preview Content */,
			);
			path = watchOS;
			sourceTree = "<group>";
		};
		2E7228C328F9A84B00BAA8E4 /* Preview Content */ = {
			isa = PBXGroup;
			children = (
				2E7228C428F9A84B00BAA8E4 /* Preview Assets.xcassets */,
			);
			path = "Preview Content";
			sourceTree = "<group>";
		};
		2E7228CE28F9A8B700BAA8E4 /* AppIntentsExt */ = {
			isa = PBXGroup;
			children = (
				2E7228CF28F9A8B700BAA8E4 /* AppIntentsExtExtension.swift */,
				2E7228D128F9A8B700BAA8E4 /* AppIntentsExt.swift */,
				2E7228D328F9A8B700BAA8E4 /* Info.plist */,
			);
			path = AppIntentsExt;
			sourceTree = "<group>";
		};
		2E7228DC28F9A9B600BAA8E4 /* Shared */ = {
			isa = PBXGroup;
			children = (
				2E7228E528F9A9C900BAA8E4 /* Localizable.strings */,
			);
			path = Shared;
			sourceTree = "<group>";
		};
/* End PBXGroup section */

/* Begin PBXNativeTarget section */
		2E7228A428F9A7D800BAA8E4 /* iOS */ = {
			isa = PBXNativeTarget;
			buildConfigurationList = 2E7228B328F9A7D900BAA8E4 /* Build configuration list for PBXNativeTarget "iOS" */;
			buildPhases = (
				2E7228A128F9A7D800BAA8E4 /* Sources */,
				2E7228A228F9A7D800BAA8E4 /* Frameworks */,
				2E7228A328F9A7D800BAA8E4 /* Resources */,
				2E7228DA28F9A8B700BAA8E4 /* Embed ExtensionKit Extensions */,
			);
			buildRules = (
			);
			dependencies = (
				2E7228D528F9A8B700BAA8E4 /* PBXTargetDependency */,
			);
			name = iOS;
			productName = SharedLocalizableDemo;
			productReference = 2E7228A528F9A7D800BAA8E4 /* iOS.app */;
			productType = "com.apple.product-type.application";
		};
		2E7228BA28F9A84A00BAA8E4 /* watchOS */ = {
			isa = PBXNativeTarget;
			buildConfigurationList = 2E7228C628F9A84B00BAA8E4 /* Build configuration list for PBXNativeTarget "watchOS" */;
			buildPhases = (
				2E7228B728F9A84A00BAA8E4 /* Sources */,
				2E7228B828F9A84A00BAA8E4 /* Frameworks */,
				2E7228B928F9A84A00BAA8E4 /* Resources */,
			);
			buildRules = (
			);
			dependencies = (
			);
			name = watchOS;
			productName = "SharedLocalizableDemo-watchOS Watch App";
			productReference = 2E7228BB28F9A84A00BAA8E4 /* watchOS.app */;
			productType = "com.apple.product-type.application";
		};
		2E7228CC28F9A8B700BAA8E4 /* AppIntentsExt */ = {
			isa = PBXNativeTarget;
			buildConfigurationList = 2E7228D728F9A8B700BAA8E4 /* Build configuration list for PBXNativeTarget "AppIntentsExt" */;
			buildPhases = (
				2E7228C928F9A8B700BAA8E4 /* Sources */,
				2E7228CA28F9A8B700BAA8E4 /* Frameworks */,
				2E7228CB28F9A8B700BAA8E4 /* Resources */,
			);
			buildRules = (
			);
			dependencies = (
			);
			name = AppIntentsExt;
			productName = AppIntentsExt;
			productReference = 2E7228CD28F9A8B700BAA8E4 /* AppIntentsExt.appex */;
			productType = "com.apple.product-type.extensionkit-extension";
		};
/* End PBXNativeTarget section */

/* Begin PBXProject section */
		2E72289D28F9A7D800BAA8E4 /* Project object */ = {
			isa = PBXProject;
			attributes = {
				BuildIndependentTargetsInParallel = 1;
				LastSwiftUpdateCheck = 1400;
				LastUpgradeCheck = 1400;
				TargetAttributes = {
					2E7228A428F9A7D800BAA8E4 = {
						CreatedOnToolsVersion = 14.0.1;
					};
					2E7228BA28F9A84A00BAA8E4 = {
						CreatedOnToolsVersion = 14.0.1;
					};
					2E7228CC28F9A8B700BAA8E4 = {
						CreatedOnToolsVersion = 14.0.1;
					};
				};
			};
			buildConfigurationList = 2E7228A028F9A7D800BAA8E4 /* Build configuration list for PBXProject "SharedLocalizableDemo" */;
			compatibilityVersion = "Xcode 14.0";
			developmentRegion = en;
			hasScannedForEncodings = 0;
			knownRegions = (
				en,
				Base,
				de,
			);
			mainGroup = 2E72289C28F9A7D800BAA8E4;
			productRefGroup = 2E7228A628F9A7D800BAA8E4 /* Products */;
			projectDirPath = "";
			projectRoot = "";
			targets = (
				2E7228A428F9A7D800BAA8E4 /* iOS */,
				2E7228BA28F9A84A00BAA8E4 /* watchOS */,
				2E7228CC28F9A8B700BAA8E4 /* AppIntentsExt */,
			);
		};
/* End PBXProject section */

/* Begin PBXResourcesBuildPhase section */
		2E7228A328F9A7D800BAA8E4 /* Resources */ = {
			isa = PBXResourcesBuildPhase;
			buildActionMask = 2147483647;
			files = (
				2E7228B028F9A7D900BAA8E4 /* Preview Assets.xcassets in Resources */,
				2E7228E128F9A9C900BAA8E4 /* Localizable.strings in Resources */,
				2E7228AD28F9A7D900BAA8E4 /* Assets.xcassets in Resources */,
			);
			runOnlyForDeploymentPostprocessing = 0;
		};
		2E7228B928F9A84A00BAA8E4 /* Resources */ = {
			isa = PBXResourcesBuildPhase;
			buildActionMask = 2147483647;
			files = (
				2E7228C528F9A84B00BAA8E4 /* Preview Assets.xcassets in Resources */,
				2E7228E228F9A9C900BAA8E4 /* Localizable.strings in Resources */,
				2E7228C228F9A84B00BAA8E4 /* Assets.xcassets in Resources */,
			);
			runOnlyForDeploymentPostprocessing = 0;
		};
		2E7228CB28F9A8B700BAA8E4 /* Resources */ = {
			isa = PBXResourcesBuildPhase;
			buildActionMask = 2147483647;
			files = (
				2E7228E328F9A9C900BAA8E4 /* Localizable.strings in Resources */,
			);
			runOnlyForDeploymentPostprocessing = 0;
		};
/* End PBXResourcesBuildPhase section */

/* Begin PBXSourcesBuildPhase section */
		2E7228A128F9A7D800BAA8E4 /* Sources */ = {
			isa = PBXSourcesBuildPhase;
			buildActionMask = 2147483647;
			files = (
				2E7228AB28F9A7D800BAA8E4 /* ContentView.swift in Sources */,
				2E7228A928F9A7D800BAA8E4 /* iOSApp.swift in Sources */,
			);
			runOnlyForDeploymentPostprocessing = 0;
		};
		2E7228B728F9A84A00BAA8E4 /* Sources */ = {
			isa = PBXSourcesBuildPhase;
			buildActionMask = 2147483647;
			files = (
				2E7228C028F9A84A00BAA8E4 /* ContentView.swift in Sources */,
				2E7228BE28F9A84A00BAA8E4 /* watchOSApp.swift in Sources */,
			);
			runOnlyForDeploymentPostprocessing = 0;
		};
		2E7228C928F9A8B700BAA8E4 /* Sources */ = {
			isa = PBXSourcesBuildPhase;
			buildActionMask = 2147483647;
			files = (
				2E7228D028F9A8B700BAA8E4 /* AppIntentsExtExtension.swift in Sources */,
				2E7228D228F9A8B700BAA8E4 /* AppIntentsExt.swift in Sources */,
			);
			runOnlyForDeploymentPostprocessing = 0;
		};
/* End PBXSourcesBuildPhase section */

/* Begin PBXTargetDependency section */
		2E7228D528F9A8B700BAA8E4 /* PBXTargetDependency */ = {
			isa = PBXTargetDependency;
			target = 2E7228CC28F9A8B700BAA8E4 /* AppIntentsExt */;
			targetProxy = 2E7228D428F9A8B700BAA8E4 /* PBXContainerItemProxy */;
		};
/* End PBXTargetDependency section */

/* Begin PBXVariantGroup section */
		2E7228E528F9A9C900BAA8E4 /* Localizable.strings */ = {
			isa = PBXVariantGroup;
			children = (
				2E7228E428F9A9C900BAA8E4 /* en */,
				2E7228E628F9AA1A00BAA8E4 /* de */,
			);
			name = Localizable.strings;
			sourceTree = "<group>";
		};
/* End PBXVariantGroup section */

/* Begin XCBuildConfiguration section */
		2E7228B128F9A7D900BAA8E4 /* Debug */ = {
			isa = XCBuildConfiguration;
			buildSettings = {
				ALWAYS_SEARCH_USER_PATHS = NO;
				CLANG_ANALYZER_LOCALIZABILITY_NONLOCALIZED = YES;
				CLANG_ANALYZER_NONNULL = YES;
				CLANG_ANALYZER_NUMBER_OBJECT_CONVERSION = YES_AGGRESSIVE;
				CLANG_CXX_LANGUAGE_STANDARD = "gnu++20";
				CLANG_ENABLE_MODULES = YES;
				CLANG_ENABLE_OBJC_ARC = YES;
				CLANG_ENABLE_OBJC_WEAK = YES;
				CLANG_WARN_BLOCK_CAPTURE_AUTORELEASING = YES;
				CLANG_WARN_BOOL_CONVERSION = YES;
				CLANG_WARN_COMMA = YES;
				CLANG_WARN_CONSTANT_CONVERSION = YES;
				CLANG_WARN_DEPRECATED_OBJC_IMPLEMENTATIONS = YES;
				CLANG_WARN_DIRECT_OBJC_ISA_USAGE = YES_ERROR;
				CLANG_WARN_DOCUMENTATION_COMMENTS = YES;
				CLANG_WARN_EMPTY_BODY = YES;
				CLANG_WARN_ENUM_CONVERSION = YES;
				CLANG_WARN_INFINITE_RECURSION = YES;
				CLANG_WARN_INT_CONVERSION = YES;
				CLANG_WARN_NON_LITERAL_NULL_CONVERSION = YES;
				CLANG_WARN_OBJC_IMPLICIT_RETAIN_SELF = YES;
				CLANG_WARN_OBJC_LITERAL_CONVERSION = YES;
				CLANG_WARN_OBJC_ROOT_CLASS = YES_ERROR;
				CLANG_WARN_QUOTED_INCLUDE_IN_FRAMEWORK_HEADER = YES;
				CLANG_WARN_RANGE_LOOP_ANALYSIS = YES;
				CLANG_WARN_STRICT_PROTOTYPES = YES;
				CLANG_WARN_SUSPICIOUS_MOVE = YES;
				CLANG_WARN_UNGUARDED_AVAILABILITY = YES_AGGRESSIVE;
				CLANG_WARN_UNREACHABLE_CODE = YES;
				CLANG_WARN__DUPLICATE_METHOD_MATCH = YES;
				COPY_PHASE_STRIP = NO;
				DEBUG_INFORMATION_FORMAT = dwarf;
				ENABLE_STRICT_OBJC_MSGSEND = YES;
				ENABLE_TESTABILITY = YES;
				GCC_C_LANGUAGE_STANDARD = gnu11;
				GCC_DYNAMIC_NO_PIC = NO;
				GCC_NO_COMMON_BLOCKS = YES;
				GCC_OPTIMIZATION_LEVEL = 0;
				GCC_PREPROCESSOR_DEFINITIONS = (
					"DEBUG=1",
					"$(inherited)",
				);
				GCC_WARN_64_TO_32_BIT_CONVERSION = YES;
				GCC_WARN_ABOUT_RETURN_TYPE = YES_ERROR;
				GCC_WARN_UNDECLARED_SELECTOR = YES;
				GCC_WARN_UNINITIALIZED_AUTOS = YES_AGGRESSIVE;
				GCC_WARN_UNUSED_FUNCTION = YES;
				GCC_WARN_UNUSED_VARIABLE = YES;
				IPHONEOS_DEPLOYMENT_TARGET = 16.0;
				MTL_ENABLE_DEBUG_INFO = INCLUDE_SOURCE;
				MTL_FAST_MATH = YES;
				ONLY_ACTIVE_ARCH = YES;
				SDKROOT = iphoneos;
				SWIFT_ACTIVE_COMPILATION_CONDITIONS = DEBUG;
				SWIFT_OPTIMIZATION_LEVEL = "-Onone";
			};
			name = Debug;
		};
		2E7228B228F9A7D900BAA8E4 /* Release */ = {
			isa = XCBuildConfiguration;
			buildSettings = {
				ALWAYS_SEARCH_USER_PATHS = NO;
				CLANG_ANALYZER_LOCALIZABILITY_NONLOCALIZED = YES;
				CLANG_ANALYZER_NONNULL = YES;
				CLANG_ANALYZER_NUMBER_OBJECT_CONVERSION = YES_AGGRESSIVE;
				CLANG_CXX_LANGUAGE_STANDARD = "gnu++20";
				CLANG_ENABLE_MODULES = YES;
				CLANG_ENABLE_OBJC_ARC = YES;
				CLANG_ENABLE_OBJC_WEAK = YES;
				CLANG_WARN_BLOCK_CAPTURE_AUTORELEASING = YES;
				CLANG_WARN_BOOL_CONVERSION = YES;
				CLANG_WARN_COMMA = YES;
				CLANG_WARN_CONSTANT_CONVERSION = YES;
				CLANG_WARN_DEPRECATED_OBJC_IMPLEMENTATIONS = YES;
				CLANG_WARN_DIRECT_OBJC_ISA_USAGE = YES_ERROR;
				CLANG_WARN_DOCUMENTATION_COMMENTS = YES;
				CLANG_WARN_EMPTY_BODY = YES;
				CLANG_WARN_ENUM_CONVERSION = YES;
				CLANG_WARN_INFINITE_RECURSION = YES;
				CLANG_WARN_INT_CONVERSION = YES;
				CLANG_WARN_NON_LITERAL_NULL_CONVERSION = YES;
				CLANG_WARN_OBJC_IMPLICIT_RETAIN_SELF = YES;
				CLANG_WARN_OBJC_LITERAL_CONVERSION = YES;
				CLANG_WARN_OBJC_ROOT_CLASS = YES_ERROR;
				CLANG_WARN_QUOTED_INCLUDE_IN_FRAMEWORK_HEADER = YES;
				CLANG_WARN_RANGE_LOOP_ANALYSIS = YES;
				CLANG_WARN_STRICT_PROTOTYPES = YES;
				CLANG_WARN_SUSPICIOUS_MOVE = YES;
				CLANG_WARN_UNGUARDED_AVAILABILITY = YES_AGGRESSIVE;
				CLANG_WARN_UNREACHABLE_CODE = YES;
				CLANG_WARN__DUPLICATE_METHOD_MATCH = YES;
				COPY_PHASE_STRIP = NO;
				DEBUG_INFORMATION_FORMAT = "dwarf-with-dsym";
				ENABLE_NS_ASSERTIONS = NO;
				ENABLE_STRICT_OBJC_MSGSEND = YES;
				GCC_C_LANGUAGE_STANDARD = gnu11;
				GCC_NO_COMMON_BLOCKS = YES;
				GCC_WARN_64_TO_32_BIT_CONVERSION = YES;
				GCC_WARN_ABOUT_RETURN_TYPE = YES_ERROR;
				GCC_WARN_UNDECLARED_SELECTOR = YES;
				GCC_WARN_UNINITIALIZED_AUTOS = YES_AGGRESSIVE;
				GCC_WARN_UNUSED_FUNCTION = YES;
				GCC_WARN_UNUSED_VARIABLE = YES;
				IPHONEOS_DEPLOYMENT_TARGET = 16.0;
				MTL_ENABLE_DEBUG_INFO = NO;
				MTL_FAST_MATH = YES;
				SDKROOT = iphoneos;
				SWIFT_COMPILATION_MODE = wholemodule;
				SWIFT_OPTIMIZATION_LEVEL = "-O";
				VALIDATE_PRODUCT = YES;
			};
			name = Release;
		};
		2E7228B428F9A7D900BAA8E4 /* Debug */ = {
			isa = XCBuildConfiguration;
			buildSettings = {
				ALWAYS_EMBED_SWIFT_STANDARD_LIBRARIES = YES;
				ASSETCATALOG_COMPILER_APPICON_NAME = AppIcon;
				ASSETCATALOG_COMPILER_GLOBAL_ACCENT_COLOR_NAME = AccentColor;
				CODE_SIGN_STYLE = Automatic;
				CURRENT_PROJECT_VERSION = 1;
				DEVELOPMENT_ASSET_PATHS = "\"iOS/Preview Content\"";
				DEVELOPMENT_TEAM = 767S6EFMJ8;
				ENABLE_PREVIEWS = YES;
				GENERATE_INFOPLIST_FILE = YES;
				INFOPLIST_KEY_UIApplicationSceneManifest_Generation = YES;
				INFOPLIST_KEY_UIApplicationSupportsIndirectInputEvents = YES;
				INFOPLIST_KEY_UILaunchScreen_Generation = YES;
				INFOPLIST_KEY_UISupportedInterfaceOrientations_iPad = "UIInterfaceOrientationPortrait UIInterfaceOrientationPortraitUpsideDown UIInterfaceOrientationLandscapeLeft UIInterfaceOrientationLandscapeRight";
				INFOPLIST_KEY_UISupportedInterfaceOrientations_iPhone = "UIInterfaceOrientationPortrait UIInterfaceOrientationLandscapeLeft UIInterfaceOrientationLandscapeRight";
				LD_RUNPATH_SEARCH_PATHS = (
					"$(inherited)",
					"@executable_path/Frameworks",
				);
				MARKETING_VERSION = 1.0.0;
				PRODUCT_BUNDLE_IDENTIFIER = dev.fline.SharedLocalizableDemo;
				PRODUCT_NAME = "$(TARGET_NAME)";
				SWIFT_EMIT_LOC_STRINGS = YES;
				SWIFT_VERSION = 5.0;
				TARGETED_DEVICE_FAMILY = "1,2";
			};
			name = Debug;
		};
		2E7228B528F9A7D900BAA8E4 /* Release */ = {
			isa = XCBuildConfiguration;
			buildSettings = {
				ALWAYS_EMBED_SWIFT_STANDARD_LIBRARIES = YES;
				ASSETCATALOG_COMPILER_APPICON_NAME = AppIcon;
				ASSETCATALOG_COMPILER_GLOBAL_ACCENT_COLOR_NAME = AccentColor;
				CODE_SIGN_STYLE = Automatic;
				CURRENT_PROJECT_VERSION = 1;
				DEVELOPMENT_ASSET_PATHS = "\"iOS/Preview Content\"";
				DEVELOPMENT_TEAM = 767S6EFMJ8;
				ENABLE_PREVIEWS = YES;
				GENERATE_INFOPLIST_FILE = YES;
				INFOPLIST_KEY_UIApplicationSceneManifest_Generation = YES;
				INFOPLIST_KEY_UIApplicationSupportsIndirectInputEvents = YES;
				INFOPLIST_KEY_UILaunchScreen_Generation = YES;
				INFOPLIST_KEY_UISupportedInterfaceOrientations_iPad = "UIInterfaceOrientationPortrait UIInterfaceOrientationPortraitUpsideDown UIInterfaceOrientationLandscapeLeft UIInterfaceOrientationLandscapeRight";
				INFOPLIST_KEY_UISupportedInterfaceOrientations_iPhone = "UIInterfaceOrientationPortrait UIInterfaceOrientationLandscapeLeft UIInterfaceOrientationLandscapeRight";
				LD_RUNPATH_SEARCH_PATHS = (
					"$(inherited)",
					"@executable_path/Frameworks",
				);
				MARKETING_VERSION = 1.0.0;
				PRODUCT_BUNDLE_IDENTIFIER = dev.fline.SharedLocalizableDemo;
				PRODUCT_NAME = "$(TARGET_NAME)";
				SWIFT_EMIT_LOC_STRINGS = YES;
				SWIFT_VERSION = 5.0;
				TARGETED_DEVICE_FAMILY = "1,2";
			};
			name = Release;
		};
		2E7228C728F9A84B00BAA8E4 /* Debug */ = {
			isa = XCBuildConfiguration;
			buildSettings = {
				ASSETCATALOG_COMPILER_APPICON_NAME = AppIcon;
				ASSETCATALOG_COMPILER_GLOBAL_ACCENT_COLOR_NAME = AccentColor;
				CODE_SIGN_STYLE = Automatic;
				CURRENT_PROJECT_VERSION = 1;
				DEVELOPMENT_ASSET_PATHS = "\"watchOS/Preview Content\"";
				DEVELOPMENT_TEAM = 767S6EFMJ8;
				ENABLE_PREVIEWS = YES;
				GENERATE_INFOPLIST_FILE = YES;
				INFOPLIST_KEY_CFBundleDisplayName = "SharedLocalizableDemo-watchOS";
				INFOPLIST_KEY_UISupportedInterfaceOrientations = "UIInterfaceOrientationPortrait UIInterfaceOrientationPortraitUpsideDown";
				INFOPLIST_KEY_WKCompanionAppBundleIdentifier = "";
				LD_RUNPATH_SEARCH_PATHS = (
					"$(inherited)",
					"@executable_path/Frameworks",
				);
				MARKETING_VERSION = 1.0.0;
				PRODUCT_BUNDLE_IDENTIFIER = .watchkitapp;
				PRODUCT_NAME = "$(TARGET_NAME)";
				SDKROOT = watchos;
				SKIP_INSTALL = YES;
				SWIFT_EMIT_LOC_STRINGS = YES;
				SWIFT_VERSION = 5.0;
				TARGETED_DEVICE_FAMILY = 4;
				WATCHOS_DEPLOYMENT_TARGET = 9.0;
			};
			name = Debug;
		};
		2E7228C828F9A84B00BAA8E4 /* Release */ = {
			isa = XCBuildConfiguration;
			buildSettings = {
				ASSETCATALOG_COMPILER_APPICON_NAME = AppIcon;
				ASSETCATALOG_COMPILER_GLOBAL_ACCENT_COLOR_NAME = AccentColor;
				CODE_SIGN_STYLE = Automatic;
				CURRENT_PROJECT_VERSION = 1;
				DEVELOPMENT_ASSET_PATHS = "\"watchOS/Preview Content\"";
				DEVELOPMENT_TEAM = 767S6EFMJ8;
				ENABLE_PREVIEWS = YES;
				GENERATE_INFOPLIST_FILE = YES;
				INFOPLIST_KEY_CFBundleDisplayName = "SharedLocalizableDemo-watchOS";
				INFOPLIST_KEY_UISupportedInterfaceOrientations = "UIInterfaceOrientationPortrait UIInterfaceOrientationPortraitUpsideDown";
				INFOPLIST_KEY_WKCompanionAppBundleIdentifier = "";
				LD_RUNPATH_SEARCH_PATHS = (
					"$(inherited)",
					"@executable_path/Frameworks",
				);
				MARKETING_VERSION = 1.0.0;
				PRODUCT_BUNDLE_IDENTIFIER = .watchkitapp;
				PRODUCT_NAME = "$(TARGET_NAME)";
				SDKROOT = watchos;
				SKIP_INSTALL = YES;
				SWIFT_EMIT_LOC_STRINGS = YES;
				SWIFT_VERSION = 5.0;
				TARGETED_DEVICE_FAMILY = 4;
				WATCHOS_DEPLOYMENT_TARGET = 9.0;
			};
			name = Release;
		};
		2E7228D828F9A8B700BAA8E4 /* Debug */ = {
			isa = XCBuildConfiguration;
			buildSettings = {
				CODE_SIGN_STYLE = Automatic;
				CURRENT_PROJECT_VERSION = 1;
				DEVELOPMENT_TEAM = 767S6EFMJ8;
				GENERATE_INFOPLIST_FILE = YES;
				INFOPLIST_FILE = AppIntentsExt/Info.plist;
				INFOPLIST_KEY_CFBundleDisplayName = AppIntentsExt;
				INFOPLIST_KEY_NSHumanReadableCopyright = "";
				IPHONEOS_DEPLOYMENT_TARGET = 16.0;
				LD_RUNPATH_SEARCH_PATHS = (
					"$(inherited)",
					"@executable_path/Frameworks",
					"@executable_path/../../Frameworks",
				);
				MARKETING_VERSION = 1.0;
				PRODUCT_BUNDLE_IDENTIFIER = dev.fline.SharedLocalizableDemo.AppIntentsExt;
				PRODUCT_NAME = "$(TARGET_NAME)";
				SKIP_INSTALL = YES;
				SWIFT_EMIT_LOC_STRINGS = YES;
				SWIFT_VERSION = 5.0;
				TARGETED_DEVICE_FAMILY = "1,2";
			};
			name = Debug;
		};
		2E7228D928F9A8B700BAA8E4 /* Release */ = {
			isa = XCBuildConfiguration;
			buildSettings = {
				CODE_SIGN_STYLE = Automatic;
				CURRENT_PROJECT_VERSION = 1;
				DEVELOPMENT_TEAM = 767S6EFMJ8;
				GENERATE_INFOPLIST_FILE = YES;
				INFOPLIST_FILE = AppIntentsExt/Info.plist;
				INFOPLIST_KEY_CFBundleDisplayName = AppIntentsExt;
				INFOPLIST_KEY_NSHumanReadableCopyright = "";
				IPHONEOS_DEPLOYMENT_TARGET = 16.0;
				LD_RUNPATH_SEARCH_PATHS = (
					"$(inherited)",
					"@executable_path/Frameworks",
					"@executable_path/../../Frameworks",
				);
				MARKETING_VERSION = 1.0;
				PRODUCT_BUNDLE_IDENTIFIER = dev.fline.SharedLocalizableDemo.AppIntentsExt;
				PRODUCT_NAME = "$(TARGET_NAME)";
				SKIP_INSTALL = YES;
				SWIFT_EMIT_LOC_STRINGS = YES;
				SWIFT_VERSION = 5.0;
				TARGETED_DEVICE_FAMILY = "1,2";
			};
			name = Release;
		};
/* End XCBuildConfiguration section */

/* Begin XCConfigurationList section */
		2E7228A028F9A7D800BAA8E4 /* Build configuration list for PBXProject "SharedLocalizableDemo" */ = {
			isa = XCConfigurationList;
			buildConfigurations = (
				2E7228B128F9A7D900BAA8E4 /* Debug */,
				2E7228B228F9A7D900BAA8E4 /* Release */,
			);
			defaultConfigurationIsVisible = 0;
			defaultConfigurationName = Release;
		};
		2E7228B328F9A7D900BAA8E4 /* Build configuration list for PBXNativeTarget "iOS" */ = {
			isa = XCConfigurationList;
			buildConfigurations = (
				2E7228B428F9A7D900BAA8E4 /* Debug */,
				2E7228B528F9A7D900BAA8E4 /* Release */,
			);
			defaultConfigurationIsVisible = 0;
			defaultConfigurationName = Release;
		};
		2E7228C628F9A84B00BAA8E4 /* Build configuration list for PBXNativeTarget "watchOS" */ = {
			isa = XCConfigurationList;
			buildConfigurations = (
				2E7228C728F9A84B00BAA8E4 /* Debug */,
				2E7228C828F9A84B00BAA8E4 /* Release */,
			);
			defaultConfigurationIsVisible = 0;
			defaultConfigurationName = Release;
		};
		2E7228D728F9A8B700BAA8E4 /* Build configuration list for PBXNativeTarget "AppIntentsExt" */ = {
			isa = XCConfigurationList;
			buildConfigurations = (
				2E7228D828F9A8B700BAA8E4 /* Debug */,
				2E7228D928F9A8B700BAA8E4 /* Release */,
			);
			defaultConfigurationIsVisible = 0;
			defaultConfigurationName = Release;
		};
/* End XCConfigurationList section */
	};
	rootObject = 2E72289D28F9A7D800BAA8E4 /* Project object */;
}
